// !$*UTF8*$!
{
	archiveVersion = 1;
	classes = {
	};
	objectVersion = 46;
	objects = {

/* Begin PBXBuildFile section */
		1E314C061CC2E3DD0068BEC0 /* AppDelegate.swift in Sources */ = {isa = PBXBuildFile; fileRef = 1E314C051CC2E3DD0068BEC0 /* AppDelegate.swift */; };
		1E314C0B1CC2E3DD0068BEC0 /* Main.storyboard in Resources */ = {isa = PBXBuildFile; fileRef = 1E314C091CC2E3DD0068BEC0 /* Main.storyboard */; };
		1E314C0D1CC2E3DD0068BEC0 /* Assets.xcassets in Resources */ = {isa = PBXBuildFile; fileRef = 1E314C0C1CC2E3DD0068BEC0 /* Assets.xcassets */; };
		1E314C101CC2E3DD0068BEC0 /* LaunchScreen.storyboard in Resources */ = {isa = PBXBuildFile; fileRef = 1E314C0E1CC2E3DD0068BEC0 /* LaunchScreen.storyboard */; };
		1E314C181CC2E7E20068BEC0 /* GoogleViewController.swift in Sources */ = {isa = PBXBuildFile; fileRef = 1E314C171CC2E7E20068BEC0 /* GoogleViewController.swift */; };
		1E314C1A1CC2E7F40068BEC0 /* BingViewController.swift in Sources */ = {isa = PBXBuildFile; fileRef = 1E314C191CC2E7F40068BEC0 /* BingViewController.swift */; };
		1E314C1C1CC2E8020068BEC0 /* YahooViewController.swift in Sources */ = {isa = PBXBuildFile; fileRef = 1E314C1B1CC2E8020068BEC0 /* YahooViewController.swift */; };
		1EF76C6F1CC419C300DCB5CD /* BING.png in Resources */ = {isa = PBXBuildFile; fileRef = 1EF76C6D1CC419C300DCB5CD /* BING.png */; };
		1EF76C701CC419C300DCB5CD /* YAHOO.png in Resources */ = {isa = PBXBuildFile; fileRef = 1EF76C6E1CC419C300DCB5CD /* YAHOO.png */; };
		1EF76C721CC41A6B00DCB5CD /* GOOGLE.png in Resources */ = {isa = PBXBuildFile; fileRef = 1EF76C711CC41A6B00DCB5CD /* GOOGLE.png */; };
/* End PBXBuildFile section */

/* Begin PBXFileReference section */
		1E314C021CC2E3DC0068BEC0 /* WebFetch.app */ = {isa = PBXFileReference; explicitFileType = wrapper.application; includeInIndex = 0; path = WebFetch.app; sourceTree = BUILT_PRODUCTS_DIR; };
		1E314C051CC2E3DD0068BEC0 /* AppDelegate.swift */ = {isa = PBXFileReference; lastKnownFileType = sourcecode.swift; path = AppDelegate.swift; sourceTree = "<group>"; };
		1E314C0A1CC2E3DD0068BEC0 /* Base */ = {isa = PBXFileReference; lastKnownFileType = file.storyboard; name = Base; path = Base.lproj/Main.storyboard; sourceTree = "<group>"; };
		1E314C0C1CC2E3DD0068BEC0 /* Assets.xcassets */ = {isa = PBXFileReference; lastKnownFileType = folder.assetcatalog; path = Assets.xcassets; sourceTree = "<group>"; };
		1E314C0F1CC2E3DD0068BEC0 /* Base */ = {isa = PBXFileReference; lastKnownFileType = file.storyboard; name = Base; path = Base.lproj/LaunchScreen.storyboard; sourceTree = "<group>"; };
		1E314C111CC2E3DD0068BEC0 /* Info.plist */ = {isa = PBXFileReference; lastKnownFileType = text.plist.xml; path = Info.plist; sourceTree = "<group>"; };
		1E314C171CC2E7E20068BEC0 /* GoogleViewController.swift */ = {isa = PBXFileReference; fileEncoding = 4; lastKnownFileType = sourcecode.swift; path = GoogleViewController.swift; sourceTree = "<group>"; };
		1E314C191CC2E7F40068BEC0 /* BingViewController.swift */ = {isa = PBXFileReference; fileEncoding = 4; lastKnownFileType = sourcecode.swift; path = BingViewController.swift; sourceTree = "<group>"; };
		1E314C1B1CC2E8020068BEC0 /* YahooViewController.swift */ = {isa = PBXFileReference; fileEncoding = 4; lastKnownFileType = sourcecode.swift; path = YahooViewController.swift; sourceTree = "<group>"; };
		1EF76C6D1CC419C300DCB5CD /* BING.png */ = {isa = PBXFileReference; lastKnownFileType = image.png; path = BING.png; sourceTree = "<group>"; };
		1EF76C6E1CC419C300DCB5CD /* YAHOO.png */ = {isa = PBXFileReference; lastKnownFileType = image.png; path = YAHOO.png; sourceTree = "<group>"; };
		1EF76C711CC41A6B00DCB5CD /* GOOGLE.png */ = {isa = PBXFileReference; lastKnownFileType = image.png; path = GOOGLE.png; sourceTree = "<group>"; };
/* End PBXFileReference section */

/* Begin PBXFrameworksBuildPhase section */
		1E314BFF1CC2E3DC0068BEC0 /* Frameworks */ = {
			isa = PBXFrameworksBuildPhase;
			buildActionMask = 2147483647;
			files = (
			);
			runOnlyForDeploymentPostprocessing = 0;
		};
/* End PBXFrameworksBuildPhase section */

/* Begin PBXGroup section */
		1E314BF91CC2E3DC0068BEC0 = {
			isa = PBXGroup;
			children = (
				1E314C041CC2E3DD0068BEC0 /* WebFetch */,
				1E314C031CC2E3DC0068BEC0 /* Products */,
			);
			sourceTree = "<group>";
		};
		1E314C031CC2E3DC0068BEC0 /* Products */ = {
			isa = PBXGroup;
			children = (
				1E314C021CC2E3DC0068BEC0 /* WebFetch.app */,
			);
			name = Products;
			sourceTree = "<group>";
		};
		1E314C041CC2E3DD0068BEC0 /* WebFetch */ = {
			isa = PBXGroup;
			children = (
				1E314C051CC2E3DD0068BEC0 /* AppDelegate.swift */,
				1E314C091CC2E3DD0068BEC0 /* Main.storyboard */,
				1E314C171CC2E7E20068BEC0 /* GoogleViewController.swift */,
				1EF76C6D1CC419C300DCB5CD /* BING.png */,
				1EF76C711CC41A6B00DCB5CD /* GOOGLE.png */,
				1EF76C6E1CC419C300DCB5CD /* YAHOO.png */,
				1E314C191CC2E7F40068BEC0 /* BingViewController.swift */,
				1E314C1B1CC2E8020068BEC0 /* YahooViewController.swift */,
				1E314C0C1CC2E3DD0068BEC0 /* Assets.xcassets */,
				1E314C0E1CC2E3DD0068BEC0 /* LaunchScreen.storyboard */,
				1E314C111CC2E3DD0068BEC0 /* Info.plist */,
			);
			path = WebFetch;
			sourceTree = "<group>";
		};
/* End PBXGroup section */

/* Begin PBXNativeTarget section */
		1E314C011CC2E3DC0068BEC0 /* WebFetch */ = {
			isa = PBXNativeTarget;
			buildConfigurationList = 1E314C141CC2E3DD0068BEC0 /* Build configuration list for PBXNativeTarget "WebFetch" */;
			buildPhases = (
				1E314BFE1CC2E3DC0068BEC0 /* Sources */,
				1E314BFF1CC2E3DC0068BEC0 /* Frameworks */,
				1E314C001CC2E3DC0068BEC0 /* Resources */,
			);
			buildRules = (
			);
			dependencies = (
			);
			name = WebFetch;
			productName = WebFetch;
			productReference = 1E314C021CC2E3DC0068BEC0 /* WebFetch.app */;
			productType = "com.apple.product-type.application";
		};
/* End PBXNativeTarget section */

/* Begin PBXProject section */
		1E314BFA1CC2E3DC0068BEC0 /* Project object */ = {
			isa = PBXProject;
			attributes = {
				LastSwiftUpdateCheck = 0730;
				LastUpgradeCheck = 0730;
				ORGANIZATIONNAME = "Cooper Whitlow";
				TargetAttributes = {
					1E314C011CC2E3DC0068BEC0 = {
						CreatedOnToolsVersion = 7.3;
						DevelopmentTeam = 78QN399MNP;
					};
				};
			};
			buildConfigurationList = 1E314BFD1CC2E3DC0068BEC0 /* Build configuration list for PBXProject "WebFetch" */;
			compatibilityVersion = "Xcode 3.2";
			developmentRegion = English;
			hasScannedForEncodings = 0;
			knownRegions = (
				en,
				Base,
			);
			mainGroup = 1E314BF91CC2E3DC0068BEC0;
			productRefGroup = 1E314C031CC2E3DC0068BEC0 /* Products */;
			projectDirPath = "";
			projectRoot = "";
			targets = (
				1E314C011CC2E3DC0068BEC0 /* WebFetch */,
			);
		};
/* End PBXProject section */

/* Begin PBXResourcesBuildPhase section */
		1E314C001CC2E3DC0068BEC0 /* Resources */ = {
			isa = PBXResourcesBuildPhase;
			buildActionMask = 2147483647;
			files = (
				1EF76C701CC419C300DCB5CD /* YAHOO.png in Resources */,
				1E314C101CC2E3DD0068BEC0 /* LaunchScreen.storyboard in Resources */,
				1EF76C721CC41A6B00DCB5CD /* GOOGLE.png in Resources */,
				1E314C0D1CC2E3DD0068BEC0 /* Assets.xcassets in Resources */,
				1E314C0B1CC2E3DD0068BEC0 /* Main.storyboard in Resources */,
				1EF76C6F1CC419C300DCB5CD /* BING.png in Resources */,
			);
			runOnlyForDeploymentPostprocessing = 0;
		};
/* End PBXResourcesBuildPhase section */

/* Begin PBXSourcesBuildPhase section */
		1E314BFE1CC2E3DC0068BEC0 /* Sources */ = {
			isa = PBXSourcesBuildPhase;
			buildActionMask = 2147483647;
			files = (
				1E314C061CC2E3DD0068BEC0 /* AppDelegate.swift in Sources */,
				1E314C1C1CC2E8020068BEC0 /* YahooViewController.swift in Sources */,
				1E314C1A1CC2E7F40068BEC0 /* BingViewController.swift in Sources */,
				1E314C181CC2E7E20068BEC0 /* GoogleViewController.swift in Sources */,
			);
			runOnlyForDeploymentPostprocessing = 0;
		};
/* End PBXSourcesBuildPhase section */

/* Begin PBXVariantGroup section */
		1E314C091CC2E3DD0068BEC0 /* Main.storyboard */ = {
			isa = PBXVariantGroup;
			children = (
				1E314C0A1CC2E3DD0068BEC0 /* Base */,
			);
			name = Main.storyboard;
			sourceTree = "<group>";
		};
		1E314C0E1CC2E3DD0068BEC0 /* LaunchScreen.storyboard */ = {
			isa = PBXVariantGroup;
			children = (
				1E314C0F1CC2E3DD0068BEC0 /* Base */,
			);
			name = LaunchScreen.storyboard;
			sourceTree = "<group>";
		};
/* End PBXVariantGroup section */

/* Begin XCBuildConfiguration section */
		1E314C121CC2E3DD0068BEC0 /* Debug */ = {
			isa = XCBuildConfiguration;
			buildSettings = {
				ALWAYS_SEARCH_USER_PATHS = NO;
				CLANG_ANALYZER_NONNULL = YES;
				CLANG_CXX_LANGUAGE_STANDARD = "gnu++0x";
				CLANG_CXX_LIBRARY = "libc++";
				CLANG_ENABLE_MODULES = YES;
				CLANG_ENABLE_OBJC_ARC = YES;
				CLANG_WARN_BOOL_CONVERSION = YES;
				CLANG_WARN_CONSTANT_CONVERSION = YES;
				CLANG_WARN_DIRECT_OBJC_ISA_USAGE = YES_ERROR;
				CLANG_WARN_EMPTY_BODY = YES;
				CLANG_WARN_ENUM_CONVERSION = YES;
				CLANG_WARN_INT_CONVERSION = YES;
				CLANG_WARN_OBJC_ROOT_CLASS = YES_ERROR;
				CLANG_WARN_UNREACHABLE_CODE = YES;
				CLANG_WARN__DUPLICATE_METHOD_MATCH = YES;
				"CODE_SIGN_IDENTITY[sdk=iphoneos*]" = "iPhone Developer";
				COPY_PHASE_STRIP = NO;
				DEBUG_INFORMATION_FORMAT = dwarf;
				ENABLE_STRICT_OBJC_MSGSEND = YES;
				ENABLE_TESTABILITY = YES;
				GCC_C_LANGUAGE_STANDARD = gnu99;
				GCC_DYNAMIC_NO_PIC = NO;
				GCC_NO_COMMON_BLOCKS = YES;
				GCC_OPTIMIZATION_LEVEL = 0;
				GCC_PREPROCESSOR_DEFINITIONS = (
					"DEBUG=1",
					"$(inherited)",
				);
				GCC_WARN_64_TO_32_BIT_CONVERSION = YES;
				GCC_WARN_ABOUT_RETURN_TYPE = YES_ERROR;
				GCC_WARN_UNDECLARED_SELECTOR = YES;
				GCC_WARN_UNINITIALIZED_AUTOS = YES_AGGRESSIVE;
				GCC_WARN_UNUSED_FUNCTION = YES;
				GCC_WARN_UNUSED_VARIABLE = YES;
				IPHONEOS_DEPLOYMENT_TARGET = 9.3;
				MTL_ENABLE_DEBUG_INFO = YES;
				ONLY_ACTIVE_ARCH = YES;
				SDKROOT = iphoneos;
				SWIFT_OPTIMIZATION_LEVEL = "-Onone";
				TARGETED_DEVICE_FAMILY = "1,2";
			};
			name = Debug;
		};
		1E314C131CC2E3DD0068BEC0 /* Release */ = {
			isa = XCBuildConfiguration;
			buildSettings = {
				ALWAYS_SEARCH_USER_PATHS = NO;
				CLANG_ANALYZER_NONNULL = YES;
				CLANG_CXX_LANGUAGE_STANDARD = "gnu++0x";
				CLANG_CXX_LIBRARY = "libc++";
				CLANG_ENABLE_MODULES = YES;
				CLANG_ENABLE_OBJC_ARC = YES;
				CLANG_WARN_BOOL_CONVERSION = YES;
				CLANG_WARN_CONSTANT_CONVERSION = YES;
				CLANG_WARN_DIRECT_OBJC_ISA_USAGE = YES_ERROR;
				CLANG_WARN_EMPTY_BODY = YES;
				CLANG_WARN_ENUM_CONVERSION = YES;
				CLANG_WARN_INT_CONVERSION = YES;
				CLANG_WARN_OBJC_ROOT_CLASS = YES_ERROR;
				CLANG_WARN_UNREACHABLE_CODE = YES;
				CLANG_WARN__DUPLICATE_METHOD_MATCH = YES;
				"CODE_SIGN_IDENTITY[sdk=iphoneos*]" = "iPhone Developer";
				COPY_PHASE_STRIP = NO;
				DEBUG_INFORMATION_FORMAT = "dwarf-with-dsym";
				ENABLE_NS_ASSERTIONS = NO;
				ENABLE_STRICT_OBJC_MSGSEND = YES;
				GCC_C_LANGUAGE_STANDARD = gnu99;
				GCC_NO_COMMON_BLOCKS = YES;
				GCC_WARN_64_TO_32_BIT_CONVERSION = YES;
				GCC_WARN_ABOUT_RETURN_TYPE = YES_ERROR;
				GCC_WARN_UNDECLARED_SELECTOR = YES;
				GCC_WARN_UNINITIALIZED_AUTOS = YES_AGGRESSIVE;
				GCC_WARN_UNUSED_FUNCTION = YES;
				GCC_WARN_UNUSED_VARIABLE = YES;
				IPHONEOS_DEPLOYMENT_TARGET = 9.3;
				MTL_ENABLE_DEBUG_INFO = NO;
				SDKROOT = iphoneos;
				TARGETED_DEVICE_FAMILY = "1,2";
				VALIDATE_PRODUCT = YES;
			};
			name = Release;
		};
		1E314C151CC2E3DD0068BEC0 /* Debug */ = {
			isa = XCBuildConfiguration;
			buildSettings = {
				ASSETCATALOG_COMPILER_APPICON_NAME = AppIcon;
				INFOPLIST_FILE = WebFetch/Info.plist;
				LD_RUNPATH_SEARCH_PATHS = "$(inherited) @executable_path/Frameworks";
				PRODUCT_BUNDLE_IDENTIFIER = RainCityCode.WebFetch;
				PRODUCT_NAME = "$(TARGET_NAME)";
			};
			name = Debug;
		};
		1E314C161CC2E3DD0068BEC0 /* Release */ = {
			isa = XCBuildConfiguration;
			buildSettings = {
				ASSETCATALOG_COMPILER_APPICON_NAME = AppIcon;
				INFOPLIST_FILE = WebFetch/Info.plist;
				LD_RUNPATH_SEARCH_PATHS = "$(inherited) @executable_path/Frameworks";
				PRODUCT_BUNDLE_IDENTIFIER = RainCityCode.WebFetch;
				PRODUCT_NAME = "$(TARGET_NAME)";
			};
			name = Release;
		};
/* End XCBuildConfiguration section */

/* Begin XCConfigurationList section */
		1E314BFD1CC2E3DC0068BEC0 /* Build configuration list for PBXProject "WebFetch" */ = {
			isa = XCConfigurationList;
			buildConfigurations = (
				1E314C121CC2E3DD0068BEC0 /* Debug */,
				1E314C131CC2E3DD0068BEC0 /* Release */,
			);
			defaultConfigurationIsVisible = 0;
			defaultConfigurationName = Release;
		};
		1E314C141CC2E3DD0068BEC0 /* Build configuration list for PBXNativeTarget "WebFetch" */ = {
			isa = XCConfigurationList;
			buildConfigurations = (
				1E314C151CC2E3DD0068BEC0 /* Debug */,
				1E314C161CC2E3DD0068BEC0 /* Release */,
			);
			defaultConfigurationIsVisible = 0;
			defaultConfigurationName = Release;
		};
/* End XCConfigurationList section */
	};
	rootObject = 1E314BFA1CC2E3DC0068BEC0 /* Project object */;
}
